// !$*UTF8*$!
{
	archiveVersion = 1;
	classes = {
	};
	objectVersion = 77;
	objects = {

/* Begin PBXBuildFile section */
		06EBC9EAD403CDCC3A9909DD /* Sparkle in Frameworks */ = {isa = PBXBuildFile; productRef = E6B4A48535405F482C08CB5B /* Sparkle */; };
		2B6B17E4697DFDCEA1DF7BC8 /* KeyCatalog.swift in Sources */ = {isa = PBXBuildFile; fileRef = 1A5094C6125946F2A77371D9 /* KeyCatalog.swift */; };
		34E83C846C82F6FAC11BB7FB /* LayerStateMachine.swift in Sources */ = {isa = PBXBuildFile; fileRef = 5614FE7F13E329CC440DE8DF /* LayerStateMachine.swift */; };
		5DC0AC793F07F52841EAB450 /* StatusMenuView.swift in Sources */ = {isa = PBXBuildFile; fileRef = D76229598D365EFE526A32A9 /* StatusMenuView.swift */; };
		746419AF0F3F284984BF6781 /* LayerKeysTests.swift in Sources */ = {isa = PBXBuildFile; fileRef = 9F997B2F6CB021160246F70D /* LayerKeysTests.swift */; };
		7A1D889E00F8B1DB8F89D32E /* EventTapEngine.swift in Sources */ = {isa = PBXBuildFile; fileRef = 287902CDB6361EEDA6B8F0EA /* EventTapEngine.swift */; };
		889B2BEDC575E838FF768D3C /* Assets.xcassets in Resources */ = {isa = PBXBuildFile; fileRef = 98B1B1BB594D450EF5586F13 /* Assets.xcassets */; };
		896A6D087F3E0381A12F625B /* SettingsView.swift in Sources */ = {isa = PBXBuildFile; fileRef = 970B16249206FEAA364B9A3E /* SettingsView.swift */; };
		8976B90D597DF989111D20FE /* LayerKeysApp.swift in Sources */ = {isa = PBXBuildFile; fileRef = A70D9F48A8E428361E238D4F /* LayerKeysApp.swift */; };
		930D17BCE17BA9FCB5C5FAD9 /* PermissionController.swift in Sources */ = {isa = PBXBuildFile; fileRef = A02E6DF627BC5BCBB88A78F3 /* PermissionController.swift */; };
		CD5B7BAAFD744C43FCC36D23 /* LaunchAtLoginController.swift in Sources */ = {isa = PBXBuildFile; fileRef = 05EDBA2E36C35D22BE62089F /* LaunchAtLoginController.swift */; };
		CEFC4EC00C8808F00AE7CC98 /* EventTapService.swift in Sources */ = {isa = PBXBuildFile; fileRef = 28F868D39D50E8E4FAF987FA /* EventTapService.swift */; };
		DFBAADFBDB155F80983BAB58 /* MappingStore.swift in Sources */ = {isa = PBXBuildFile; fileRef = 2AB865736648036CD032AF79 /* MappingStore.swift */; };
		FBF226D0040E61B2336C8C35 /* AppModel.swift in Sources */ = {isa = PBXBuildFile; fileRef = CBA671C6F3440AED4672E87C /* AppModel.swift */; };
/* End PBXBuildFile section */

/* Begin PBXContainerItemProxy section */
		AC20E1AD26546CA7945E5A66 /* PBXContainerItemProxy */ = {
			isa = PBXContainerItemProxy;
			containerPortal = B317721C228F636E4C31BDED /* Project object */;
			proxyType = 1;
			remoteGlobalIDString = 7B1AD6E0B24B1DCE66FA04EB;
			remoteInfo = LayerKeys;
		};
/* End PBXContainerItemProxy section */

/* Begin PBXFileReference section */
		05EDBA2E36C35D22BE62089F /* LaunchAtLoginController.swift */ = {isa = PBXFileReference; lastKnownFileType = sourcecode.swift; path = LaunchAtLoginController.swift; sourceTree = "<group>"; };
		1A5094C6125946F2A77371D9 /* KeyCatalog.swift */ = {isa = PBXFileReference; lastKnownFileType = sourcecode.swift; path = KeyCatalog.swift; sourceTree = "<group>"; };
		287902CDB6361EEDA6B8F0EA /* EventTapEngine.swift */ = {isa = PBXFileReference; lastKnownFileType = sourcecode.swift; path = EventTapEngine.swift; sourceTree = "<group>"; };
		28F868D39D50E8E4FAF987FA /* EventTapService.swift */ = {isa = PBXFileReference; lastKnownFileType = sourcecode.swift; path = EventTapService.swift; sourceTree = "<group>"; };
		2AB865736648036CD032AF79 /* MappingStore.swift */ = {isa = PBXFileReference; lastKnownFileType = sourcecode.swift; path = MappingStore.swift; sourceTree = "<group>"; };
		5614FE7F13E329CC440DE8DF /* LayerStateMachine.swift */ = {isa = PBXFileReference; lastKnownFileType = sourcecode.swift; path = LayerStateMachine.swift; sourceTree = "<group>"; };
		970B16249206FEAA364B9A3E /* SettingsView.swift */ = {isa = PBXFileReference; lastKnownFileType = sourcecode.swift; path = SettingsView.swift; sourceTree = "<group>"; };
		98B1B1BB594D450EF5586F13 /* Assets.xcassets */ = {isa = PBXFileReference; lastKnownFileType = folder.assetcatalog; path = Assets.xcassets; sourceTree = "<group>"; };
		9F997B2F6CB021160246F70D /* LayerKeysTests.swift */ = {isa = PBXFileReference; lastKnownFileType = sourcecode.swift; path = LayerKeysTests.swift; sourceTree = "<group>"; };
		9FB17AD1847696A89A02AD51 /* Info.plist */ = {isa = PBXFileReference; lastKnownFileType = text.plist; path = Info.plist; sourceTree = "<group>"; };
		A02E6DF627BC5BCBB88A78F3 /* PermissionController.swift */ = {isa = PBXFileReference; lastKnownFileType = sourcecode.swift; path = PermissionController.swift; sourceTree = "<group>"; };
		A70D9F48A8E428361E238D4F /* LayerKeysApp.swift */ = {isa = PBXFileReference; lastKnownFileType = sourcecode.swift; path = LayerKeysApp.swift; sourceTree = "<group>"; };
		CBA671C6F3440AED4672E87C /* AppModel.swift */ = {isa = PBXFileReference; lastKnownFileType = sourcecode.swift; path = AppModel.swift; sourceTree = "<group>"; };
		D76229598D365EFE526A32A9 /* StatusMenuView.swift */ = {isa = PBXFileReference; lastKnownFileType = sourcecode.swift; path = StatusMenuView.swift; sourceTree = "<group>"; };
		DB3A744F9D82A8A339E9BD91 /* LayerKeysTests.xctest */ = {isa = PBXFileReference; explicitFileType = wrapper.cfbundle; includeInIndex = 0; path = LayerKeysTests.xctest; sourceTree = BUILT_PRODUCTS_DIR; };
		FA9FCB1365B8A899EEF218EA /* LayerKeys.app */ = {isa = PBXFileReference; explicitFileType = wrapper.application; includeInIndex = 0; path = LayerKeys.app; sourceTree = BUILT_PRODUCTS_DIR; };
/* End PBXFileReference section */

/* Begin PBXFrameworksBuildPhase section */
		50C5F2439A11C79F3BDB0CD4 /* Frameworks */ = {
			isa = PBXFrameworksBuildPhase;
			buildActionMask = 2147483647;
			files = (
				06EBC9EAD403CDCC3A9909DD /* Sparkle in Frameworks */,
			);
			runOnlyForDeploymentPostprocessing = 0;
		};
/* End PBXFrameworksBuildPhase section */

/* Begin PBXGroup section */
		05A38109FF86630A57F5CD09 /* Products */ = {
			isa = PBXGroup;
			children = (
				FA9FCB1365B8A899EEF218EA /* LayerKeys.app */,
				DB3A744F9D82A8A339E9BD91 /* LayerKeysTests.xctest */,
			);
			name = Products;
			sourceTree = "<group>";
		};
		311090CD3DCA6152A0C82A2F /* LayerKeys */ = {
			isa = PBXGroup;
			children = (
				CBA671C6F3440AED4672E87C /* AppModel.swift */,
				98B1B1BB594D450EF5586F13 /* Assets.xcassets */,
				287902CDB6361EEDA6B8F0EA /* EventTapEngine.swift */,
				28F868D39D50E8E4FAF987FA /* EventTapService.swift */,
				9FB17AD1847696A89A02AD51 /* Info.plist */,
				1A5094C6125946F2A77371D9 /* KeyCatalog.swift */,
				05EDBA2E36C35D22BE62089F /* LaunchAtLoginController.swift */,
				A70D9F48A8E428361E238D4F /* LayerKeysApp.swift */,
				5614FE7F13E329CC440DE8DF /* LayerStateMachine.swift */,
				2AB865736648036CD032AF79 /* MappingStore.swift */,
				A02E6DF627BC5BCBB88A78F3 /* PermissionController.swift */,
				970B16249206FEAA364B9A3E /* SettingsView.swift */,
				D76229598D365EFE526A32A9 /* StatusMenuView.swift */,
			);
			path = LayerKeys;
			sourceTree = "<group>";
		};
		515D5955CED690263ABDF897 /* LayerKeysTests */ = {
			isa = PBXGroup;
			children = (
				9F997B2F6CB021160246F70D /* LayerKeysTests.swift */,
			);
			path = LayerKeysTests;
			sourceTree = "<group>";
		};
		5A4C4F8BD4CE361813D521B0 = {
			isa = PBXGroup;
			children = (
				311090CD3DCA6152A0C82A2F /* LayerKeys */,
				515D5955CED690263ABDF897 /* LayerKeysTests */,
				05A38109FF86630A57F5CD09 /* Products */,
			);
			sourceTree = "<group>";
		};
/* End PBXGroup section */

/* Begin PBXNativeTarget section */
		7B1AD6E0B24B1DCE66FA04EB /* LayerKeys */ = {
			isa = PBXNativeTarget;
			buildConfigurationList = 37A1311517F3C90852EAB6B2 /* Build configuration list for PBXNativeTarget "LayerKeys" */;
			buildPhases = (
				D257699A1E7E0569D1ABA50D /* Sources */,
				C0AC64A457F3F292F3B7493D /* Resources */,
				50C5F2439A11C79F3BDB0CD4 /* Frameworks */,
			);
			buildRules = (
			);
			dependencies = (
			);
			name = LayerKeys;
			packageProductDependencies = (
				E6B4A48535405F482C08CB5B /* Sparkle */,
			);
			productName = LayerKeys;
			productReference = FA9FCB1365B8A899EEF218EA /* LayerKeys.app */;
			productType = "com.apple.product-type.application";
		};
		887AA2E2A6EE5A5102637B15 /* LayerKeysTests */ = {
			isa = PBXNativeTarget;
			buildConfigurationList = C032FB2F15416BE39BA35180 /* Build configuration list for PBXNativeTarget "LayerKeysTests" */;
			buildPhases = (
				03AABF48307A38D81889DCD4 /* Sources */,
			);
			buildRules = (
			);
			dependencies = (
				2FF52322F3A33EA17699B94B /* PBXTargetDependency */,
			);
			name = LayerKeysTests;
			packageProductDependencies = (
			);
			productName = LayerKeysTests;
			productReference = DB3A744F9D82A8A339E9BD91 /* LayerKeysTests.xctest */;
			productType = "com.apple.product-type.bundle.unit-test";
		};
/* End PBXNativeTarget section */

/* Begin PBXProject section */
		B317721C228F636E4C31BDED /* Project object */ = {
			isa = PBXProject;
			attributes = {
				BuildIndependentTargetsInParallel = YES;
				LastUpgradeCheck = 1430;
				TargetAttributes = {
					7B1AD6E0B24B1DCE66FA04EB = {
						ProvisioningStyle = Automatic;
					};
				};
			};
			buildConfigurationList = 3A8203DF7A515D05C4789F58 /* Build configuration list for PBXProject "LayerKeys" */;
			developmentRegion = en;
			hasScannedForEncodings = 0;
			knownRegions = (
				Base,
				en,
			);
			mainGroup = 5A4C4F8BD4CE361813D521B0;
			minimizedProjectReferenceProxies = 1;
			packageReferences = (
				FBC0C40CCB70DEE61A3BC85E /* XCRemoteSwiftPackageReference "Sparkle" */,
			);
			preferredProjectObjectVersion = 77;
			productRefGroup = 05A38109FF86630A57F5CD09 /* Products */;
			projectDirPath = "";
			projectRoot = "";
			targets = (
				7B1AD6E0B24B1DCE66FA04EB /* LayerKeys */,
				887AA2E2A6EE5A5102637B15 /* LayerKeysTests */,
			);
		};
/* End PBXProject section */

/* Begin PBXResourcesBuildPhase section */
		C0AC64A457F3F292F3B7493D /* Resources */ = {
			isa = PBXResourcesBuildPhase;
			buildActionMask = 2147483647;
			files = (
				889B2BEDC575E838FF768D3C /* Assets.xcassets in Resources */,
			);
			runOnlyForDeploymentPostprocessing = 0;
		};
/* End PBXResourcesBuildPhase section */

/* Begin PBXSourcesBuildPhase section */
		03AABF48307A38D81889DCD4 /* Sources */ = {
			isa = PBXSourcesBuildPhase;
			buildActionMask = 2147483647;
			files = (
				746419AF0F3F284984BF6781 /* LayerKeysTests.swift in Sources */,
			);
			runOnlyForDeploymentPostprocessing = 0;
		};
		D257699A1E7E0569D1ABA50D /* Sources */ = {
			isa = PBXSourcesBuildPhase;
			buildActionMask = 2147483647;
			files = (
				FBF226D0040E61B2336C8C35 /* AppModel.swift in Sources */,
				7A1D889E00F8B1DB8F89D32E /* EventTapEngine.swift in Sources */,
				CEFC4EC00C8808F00AE7CC98 /* EventTapService.swift in Sources */,
				2B6B17E4697DFDCEA1DF7BC8 /* KeyCatalog.swift in Sources */,
				CD5B7BAAFD744C43FCC36D23 /* LaunchAtLoginController.swift in Sources */,
				8976B90D597DF989111D20FE /* LayerKeysApp.swift in Sources */,
				34E83C846C82F6FAC11BB7FB /* LayerStateMachine.swift in Sources */,
				DFBAADFBDB155F80983BAB58 /* MappingStore.swift in Sources */,
				930D17BCE17BA9FCB5C5FAD9 /* PermissionController.swift in Sources */,
				896A6D087F3E0381A12F625B /* SettingsView.swift in Sources */,
				5DC0AC793F07F52841EAB450 /* StatusMenuView.swift in Sources */,
			);
			runOnlyForDeploymentPostprocessing = 0;
		};
/* End PBXSourcesBuildPhase section */

/* Begin PBXTargetDependency section */
		2FF52322F3A33EA17699B94B /* PBXTargetDependency */ = {
			isa = PBXTargetDependency;
			target = 7B1AD6E0B24B1DCE66FA04EB /* LayerKeys */;
			targetProxy = AC20E1AD26546CA7945E5A66 /* PBXContainerItemProxy */;
		};
/* End PBXTargetDependency section */

/* Begin XCBuildConfiguration section */
		010767E47724CC60CDB400D2 /* Debug */ = {
			isa = XCBuildConfiguration;
			buildSettings = {
				ASSETCATALOG_COMPILER_APPICON_NAME = AppIcon;
				CODE_SIGN_STYLE = Automatic;
				COMBINE_HIDPI_IMAGES = YES;
				GENERATE_INFOPLIST_FILE = NO;
				INFOPLIST_FILE = LayerKeys/Info.plist;
				LD_RUNPATH_SEARCH_PATHS = (
					"$(inherited)",
					"@executable_path/../Frameworks",
				);
				MACOSX_DEPLOYMENT_TARGET = 14.0;
				PRODUCT_BUNDLE_IDENTIFIER = io.taylorfinklea.layerkeys;
				PRODUCT_NAME = LayerKeys;
				SDKROOT = macosx;
			};
			name = Debug;
		};
		1309F1C204FACD3C772AE073 /* Release */ = {
			isa = XCBuildConfiguration;
			buildSettings = {
				ALWAYS_SEARCH_USER_PATHS = NO;
				CLANG_ANALYZER_NONNULL = YES;
				CLANG_ANALYZER_NUMBER_OBJECT_CONVERSION = YES_AGGRESSIVE;
				CLANG_CXX_LANGUAGE_STANDARD = "gnu++14";
				CLANG_CXX_LIBRARY = "libc++";
				CLANG_ENABLE_MODULES = YES;
				CLANG_ENABLE_OBJC_ARC = YES;
				CLANG_ENABLE_OBJC_WEAK = YES;
				CLANG_WARN_BLOCK_CAPTURE_AUTORELEASING = YES;
				CLANG_WARN_BOOL_CONVERSION = YES;
				CLANG_WARN_COMMA = YES;
				CLANG_WARN_CONSTANT_CONVERSION = YES;
				CLANG_WARN_DEPRECATED_OBJC_IMPLEMENTATIONS = YES;
				CLANG_WARN_DIRECT_OBJC_ISA_USAGE = YES_ERROR;
				CLANG_WARN_DOCUMENTATION_COMMENTS = YES;
				CLANG_WARN_EMPTY_BODY = YES;
				CLANG_WARN_ENUM_CONVERSION = YES;
				CLANG_WARN_INFINITE_RECURSION = YES;
				CLANG_WARN_INT_CONVERSION = YES;
				CLANG_WARN_NON_LITERAL_NULL_CONVERSION = YES;
				CLANG_WARN_OBJC_IMPLICIT_RETAIN_SELF = YES;
				CLANG_WARN_OBJC_LITERAL_CONVERSION = YES;
				CLANG_WARN_OBJC_ROOT_CLASS = YES_ERROR;
				CLANG_WARN_QUOTED_INCLUDE_IN_FRAMEWORK_HEADER = YES;
				CLANG_WARN_RANGE_LOOP_ANALYSIS = YES;
				CLANG_WARN_STRICT_PROTOTYPES = YES;
				CLANG_WARN_SUSPICIOUS_MOVE = YES;
				CLANG_WARN_UNGUARDED_AVAILABILITY = YES_AGGRESSIVE;
				CLANG_WARN_UNREACHABLE_CODE = YES;
				CLANG_WARN__DUPLICATE_METHOD_MATCH = YES;
				COPY_PHASE_STRIP = NO;
				CURRENT_PROJECT_VERSION = 1;
				DEBUG_INFORMATION_FORMAT = "dwarf-with-dsym";
				ENABLE_NS_ASSERTIONS = NO;
				ENABLE_STRICT_OBJC_MSGSEND = YES;
				GCC_C_LANGUAGE_STANDARD = gnu11;
				GCC_NO_COMMON_BLOCKS = YES;
				GCC_WARN_64_TO_32_BIT_CONVERSION = YES;
				GCC_WARN_ABOUT_RETURN_TYPE = YES_ERROR;
				GCC_WARN_UNDECLARED_SELECTOR = YES;
				GCC_WARN_UNINITIALIZED_AUTOS = YES_AGGRESSIVE;
				GCC_WARN_UNUSED_FUNCTION = YES;
				GCC_WARN_UNUSED_VARIABLE = YES;
				MARKETING_VERSION = 0.1.0;
				MTL_ENABLE_DEBUG_INFO = NO;
				MTL_FAST_MATH = YES;
				PRODUCT_NAME = "$(TARGET_NAME)";
				SDKROOT = macosx;
				SWIFT_COMPILATION_MODE = wholemodule;
				SWIFT_OPTIMIZATION_LEVEL = "-O";
				SWIFT_VERSION = 6.0;
			};
			name = Release;
		};
		2A26923C916AEA989BEC9D1E /* Debug */ = {
			isa = XCBuildConfiguration;
			buildSettings = {
				BUNDLE_LOADER = "$(TEST_HOST)";
				COMBINE_HIDPI_IMAGES = YES;
				GENERATE_INFOPLIST_FILE = YES;
				LD_RUNPATH_SEARCH_PATHS = (
					"$(inherited)",
					"@executable_path/../Frameworks",
					"@loader_path/../Frameworks",
				);
				MACOSX_DEPLOYMENT_TARGET = 14.0;
				SDKROOT = macosx;
				TEST_HOST = "$(BUILT_PRODUCTS_DIR)/LayerKeys.app/Contents/MacOS/LayerKeys";
			};
			name = Debug;
		};
		AF4D5796A2C5C04D77BFD63C /* Release */ = {
			isa = XCBuildConfiguration;
			buildSettings = {
				BUNDLE_LOADER = "$(TEST_HOST)";
				COMBINE_HIDPI_IMAGES = YES;
				GENERATE_INFOPLIST_FILE = YES;
				LD_RUNPATH_SEARCH_PATHS = (
					"$(inherited)",
					"@executable_path/../Frameworks",
					"@loader_path/../Frameworks",
				);
				MACOSX_DEPLOYMENT_TARGET = 14.0;
				SDKROOT = macosx;
				TEST_HOST = "$(BUILT_PRODUCTS_DIR)/LayerKeys.app/Contents/MacOS/LayerKeys";
			};
			name = Release;
		};
		D8B21778F71465B4169CAEE1 /* Debug */ = {
			isa = XCBuildConfiguration;
			buildSettings = {
				ALWAYS_SEARCH_USER_PATHS = NO;
				CLANG_ANALYZER_NONNULL = YES;
				CLANG_ANALYZER_NUMBER_OBJECT_CONVERSION = YES_AGGRESSIVE;
				CLANG_CXX_LANGUAGE_STANDARD = "gnu++14";
				CLANG_CXX_LIBRARY = "libc++";
				CLANG_ENABLE_MODULES = YES;
				CLANG_ENABLE_OBJC_ARC = YES;
				CLANG_ENABLE_OBJC_WEAK = YES;
				CLANG_WARN_BLOCK_CAPTURE_AUTORELEASING = YES;
				CLANG_WARN_BOOL_CONVERSION = YES;
				CLANG_WARN_COMMA = YES;
				CLANG_WARN_CONSTANT_CONVERSION = YES;
				CLANG_WARN_DEPRECATED_OBJC_IMPLEMENTATIONS = YES;
				CLANG_WARN_DIRECT_OBJC_ISA_USAGE = YES_ERROR;
				CLANG_WARN_DOCUMENTATION_COMMENTS = YES;
				CLANG_WARN_EMPTY_BODY = YES;
				CLANG_WARN_ENUM_CONVERSION = YES;
				CLANG_WARN_INFINITE_RECURSION = YES;
				CLANG_WARN_INT_CONVERSION = YES;
				CLANG_WARN_NON_LITERAL_NULL_CONVERSION = YES;
				CLANG_WARN_OBJC_IMPLICIT_RETAIN_SELF = YES;
				CLANG_WARN_OBJC_LITERAL_CONVERSION = YES;
				CLANG_WARN_OBJC_ROOT_CLASS = YES_ERROR;
				CLANG_WARN_QUOTED_INCLUDE_IN_FRAMEWORK_HEADER = YES;
				CLANG_WARN_RANGE_LOOP_ANALYSIS = YES;
				CLANG_WARN_STRICT_PROTOTYPES = YES;
				CLANG_WARN_SUSPICIOUS_MOVE = YES;
				CLANG_WARN_UNGUARDED_AVAILABILITY = YES_AGGRESSIVE;
				CLANG_WARN_UNREACHABLE_CODE = YES;
				CLANG_WARN__DUPLICATE_METHOD_MATCH = YES;
				COPY_PHASE_STRIP = NO;
				CURRENT_PROJECT_VERSION = 1;
				DEBUG_INFORMATION_FORMAT = dwarf;
				ENABLE_STRICT_OBJC_MSGSEND = YES;
				ENABLE_TESTABILITY = YES;
				GCC_C_LANGUAGE_STANDARD = gnu11;
				GCC_DYNAMIC_NO_PIC = NO;
				GCC_NO_COMMON_BLOCKS = YES;
				GCC_OPTIMIZATION_LEVEL = 0;
				GCC_PREPROCESSOR_DEFINITIONS = (
					"$(inherited)",
					"DEBUG=1",
				);
				GCC_WARN_64_TO_32_BIT_CONVERSION = YES;
				GCC_WARN_ABOUT_RETURN_TYPE = YES_ERROR;
				GCC_WARN_UNDECLARED_SELECTOR = YES;
				GCC_WARN_UNINITIALIZED_AUTOS = YES_AGGRESSIVE;
				GCC_WARN_UNUSED_FUNCTION = YES;
				GCC_WARN_UNUSED_VARIABLE = YES;
				MARKETING_VERSION = 0.1.0;
				MTL_ENABLE_DEBUG_INFO = INCLUDE_SOURCE;
				MTL_FAST_MATH = YES;
				ONLY_ACTIVE_ARCH = YES;
				PRODUCT_NAME = "$(TARGET_NAME)";
				SDKROOT = macosx;
				SWIFT_ACTIVE_COMPILATION_CONDITIONS = DEBUG;
				SWIFT_OPTIMIZATION_LEVEL = "-Onone";
				SWIFT_VERSION = 6.0;
			};
			name = Debug;
		};
		F203DDBC41CC2A5E862F4BC4 /* Release */ = {
			isa = XCBuildConfiguration;
			buildSettings = {
				ASSETCATALOG_COMPILER_APPICON_NAME = AppIcon;
				CODE_SIGN_STYLE = Automatic;
				COMBINE_HIDPI_IMAGES = YES;
				GENERATE_INFOPLIST_FILE = NO;
				INFOPLIST_FILE = LayerKeys/Info.plist;
				LD_RUNPATH_SEARCH_PATHS = (
					"$(inherited)",
					"@executable_path/../Frameworks",
				);
				MACOSX_DEPLOYMENT_TARGET = 14.0;
				PRODUCT_BUNDLE_IDENTIFIER = io.taylorfinklea.layerkeys;
				PRODUCT_NAME = LayerKeys;
				SDKROOT = macosx;
			};
			name = Release;
		};
/* End XCBuildConfiguration section */

/* Begin XCConfigurationList section */
		37A1311517F3C90852EAB6B2 /* Build configuration list for PBXNativeTarget "LayerKeys" */ = {
			isa = XCConfigurationList;
			buildConfigurations = (
				010767E47724CC60CDB400D2 /* Debug */,
				F203DDBC41CC2A5E862F4BC4 /* Release */,
			);
			defaultConfigurationIsVisible = 0;
			defaultConfigurationName = Debug;
		};
		3A8203DF7A515D05C4789F58 /* Build configuration list for PBXProject "LayerKeys" */ = {
			isa = XCConfigurationList;
			buildConfigurations = (
				D8B21778F71465B4169CAEE1 /* Debug */,
				1309F1C204FACD3C772AE073 /* Release */,
			);
			defaultConfigurationIsVisible = 0;
			defaultConfigurationName = Debug;
		};
		C032FB2F15416BE39BA35180 /* Build configuration list for PBXNativeTarget "LayerKeysTests" */ = {
			isa = XCConfigurationList;
			buildConfigurations = (
				2A26923C916AEA989BEC9D1E /* Debug */,
				AF4D5796A2C5C04D77BFD63C /* Release */,
			);
			defaultConfigurationIsVisible = 0;
			defaultConfigurationName = Debug;
		};
/* End XCConfigurationList section */

/* Begin XCRemoteSwiftPackageReference section */
		FBC0C40CCB70DEE61A3BC85E /* XCRemoteSwiftPackageReference "Sparkle" */ = {
			isa = XCRemoteSwiftPackageReference;
			repositoryURL = "https://github.com/sparkle-project/Sparkle";
			requirement = {
				kind = upToNextMajorVersion;
				minimumVersion = 2.6.0;
			};
		};
/* End XCRemoteSwiftPackageReference section */

/* Begin XCSwiftPackageProductDependency section */
		E6B4A48535405F482C08CB5B /* Sparkle */ = {
			isa = XCSwiftPackageProductDependency;
			package = FBC0C40CCB70DEE61A3BC85E /* XCRemoteSwiftPackageReference "Sparkle" */;
			productName = Sparkle;
		};
/* End XCSwiftPackageProductDependency section */
	};
	rootObject = B317721C228F636E4C31BDED /* Project object */;
}
